
Microsoft Visual Studio Solution File, Format Version 12.00
# Visual Studio Version 16
VisualStudioVersion = 16.0.30804.86
MinimumVisualStudioVersion = 10.0.40219.1
Project("{FAE04EC0-301F-11D3-BF4B-00C04F79EFBC}") = "Bakery", "Bakery.csproj", "{979BDF90-D4CE-4666-AE85-C781F11F6224}"
EndProject
Global
	GlobalSection(SolutionConfigurationPlatforms) = preSolution
		Debug|Any CPU = Debug|Any CPU
		Release|Any CPU = Release|Any CPU
	EndGlobalSection
	GlobalSection(ProjectConfigurationPlatforms) = postSolution
		{979BDF90-D4CE-4666-AE85-C781F11F6224}.Debug|Any CPU.ActiveCfg = Debug|Any CPU
		{979BDF90-D4CE-4666-AE85-C781F11F6224}.Debug|Any CPU.Build.0 = Debug|Any CPU
		{979BDF90-D4CE-4666-AE85-C781F11F6224}.Release|Any CPU.ActiveCfg = Release|Any CPU
		{979BDF90-D4CE-4666-AE85-C781F11F6224}.Release|Any CPU.Build.0 = Release|Any CPU
	EndGlobalSection
	GlobalSection(SolutionProperties) = preSolution
		HideSolutionNode = FALSE
	EndGlobalSection
	GlobalSection(ExtensibilityGlobals) = postSolution
		SolutionGuid = {581B9319-6F9B-4445-B3F0-CCF71813753E}
	EndGlobalSection
EndGlobal
